// !$*UTF8*$!
{
	archiveVersion = 1;
	classes = {
	};
	objectVersion = 50;
	objects = {

/* Begin PBXBuildFile section */
		1F493D8EE827C664AAD8A8CA /* Pods_Vim.framework in Frameworks */ = {isa = PBXBuildFile; fileRef = D6DF256CCF3FFC76506666F7 /* Pods_Vim.framework */; };
		3D331BDE643490355AB05E7D /* Pods_VimTests.framework in Frameworks */ = {isa = PBXBuildFile; fileRef = BFAB66A4FE6180E0DDC3813A /* Pods_VimTests.framework */; };
		8A03E0A3220F56F80038EA9C /* AppDelegate.swift in Sources */ = {isa = PBXBuildFile; fileRef = 8A03E0A2220F56F80038EA9C /* AppDelegate.swift */; };
		8A03E0A8220F56F80038EA9C /* Main.storyboard in Resources */ = {isa = PBXBuildFile; fileRef = 8A03E0A6220F56F80038EA9C /* Main.storyboard */; };
		8A03E0AA220F56FA0038EA9C /* Assets.xcassets in Resources */ = {isa = PBXBuildFile; fileRef = 8A03E0A9220F56FA0038EA9C /* Assets.xcassets */; };
		8A03E0AD220F56FA0038EA9C /* LaunchScreen.storyboard in Resources */ = {isa = PBXBuildFile; fileRef = 8A03E0AB220F56FA0038EA9C /* LaunchScreen.storyboard */; };
		8A03E0B8220F56FA0038EA9C /* VimTests.swift in Sources */ = {isa = PBXBuildFile; fileRef = 8A03E0B7220F56FA0038EA9C /* VimTests.swift */; };
		8A03E0C3220F56FA0038EA9C /* VimUITests.swift in Sources */ = {isa = PBXBuildFile; fileRef = 8A03E0C2220F56FA0038EA9C /* VimUITests.swift */; };
		8A07475C22108CBE00C6828A /* GoogleService-Info.plist in Resources */ = {isa = PBXBuildFile; fileRef = 8A07475B22108CBE00C6828A /* GoogleService-Info.plist */; };
		8A07475F221093D100C6828A /* FirestoreDb.swift in Sources */ = {isa = PBXBuildFile; fileRef = 8A07475E221093D100C6828A /* FirestoreDb.swift */; };
		8A074761221095AB00C6828A /* User.swift in Sources */ = {isa = PBXBuildFile; fileRef = 8A074760221095AB00C6828A /* User.swift */; };
		8A0747632210986400C6828A /* LoginViewController.swift in Sources */ = {isa = PBXBuildFile; fileRef = 8A0747622210986400C6828A /* LoginViewController.swift */; };
		8A0747652210DDF600C6828A /* MainTabBarController.swift in Sources */ = {isa = PBXBuildFile; fileRef = 8A0747642210DDF600C6828A /* MainTabBarController.swift */; };
		8AF575732216F49300F3D4AD /* NotificationNames.swift in Sources */ = {isa = PBXBuildFile; fileRef = 8AF575722216F49300F3D4AD /* NotificationNames.swift */; };
		8AF575752216FB6300F3D4AD /* AddNewPostViewController.swift in Sources */ = {isa = PBXBuildFile; fileRef = 8AF575742216FB6300F3D4AD /* AddNewPostViewController.swift */; };
		8AF823D52211A15500BC2C95 /* HomeViewController.swift in Sources */ = {isa = PBXBuildFile; fileRef = 8AF823D42211A15500BC2C95 /* HomeViewController.swift */; };
		8AF823D72211CCFA00BC2C95 /* HomeTableViewCell.swift in Sources */ = {isa = PBXBuildFile; fileRef = 8AF823D62211CCFA00BC2C95 /* HomeTableViewCell.swift */; };
		8AF823D92211DB7E00BC2C95 /* RegisterViewController.swift in Sources */ = {isa = PBXBuildFile; fileRef = 8AF823D82211DB7E00BC2C95 /* RegisterViewController.swift */; };
		8AF823DB2211E02C00BC2C95 /* Post.swift in Sources */ = {isa = PBXBuildFile; fileRef = 8AF823DA2211E02C00BC2C95 /* Post.swift */; };
		8AF962B322258EA400ACF1C1 /* FriendsListTableViewCell.swift in Sources */ = {isa = PBXBuildFile; fileRef = 8AF962B222258EA400ACF1C1 /* FriendsListTableViewCell.swift */; };
		8AF962B52225BE1D00ACF1C1 /* Protocols.swift in Sources */ = {isa = PBXBuildFile; fileRef = 8AF962B42225BE1D00ACF1C1 /* Protocols.swift */; };
		8AF98760221B0BDC00EE956E /* Loader.swift in Sources */ = {isa = PBXBuildFile; fileRef = 8AF9875F221B0BDC00EE956E /* Loader.swift */; };
		8AFBD2F222244061009C47A0 /* FriendsListTableViewController.swift in Sources */ = {isa = PBXBuildFile; fileRef = 8AFBD2F122244061009C47A0 /* FriendsListTableViewController.swift */; };
		8AFBD577222C2242002722A2 /* EditProfileViewController.swift in Sources */ = {isa = PBXBuildFile; fileRef = 8AFBD576222C2242002722A2 /* EditProfileViewController.swift */; };
		8AFC05A822122B3A004F5CEC /* Extensions.swift in Sources */ = {isa = PBXBuildFile; fileRef = 8AFC05A722122B3A004F5CEC /* Extensions.swift */; };
		8AFE5C372227461C00C3F48F /* ProfileViewController.swift in Sources */ = {isa = PBXBuildFile; fileRef = 8AFE5C362227461C00C3F48F /* ProfileViewController.swift */; };
		C6025D9B4D45BD4166B4518A /* Pods_VimUITests.framework in Frameworks */ = {isa = PBXBuildFile; fileRef = E8E3BE1E2FB026D781721729 /* Pods_VimUITests.framework */; };
/* End PBXBuildFile section */

/* Begin PBXContainerItemProxy section */
		8A03E0B4220F56FA0038EA9C /* PBXContainerItemProxy */ = {
			isa = PBXContainerItemProxy;
			containerPortal = 8A03E097220F56F80038EA9C /* Project object */;
			proxyType = 1;
			remoteGlobalIDString = 8A03E09E220F56F80038EA9C;
			remoteInfo = Vim;
		};
		8A03E0BF220F56FA0038EA9C /* PBXContainerItemProxy */ = {
			isa = PBXContainerItemProxy;
			containerPortal = 8A03E097220F56F80038EA9C /* Project object */;
			proxyType = 1;
			remoteGlobalIDString = 8A03E09E220F56F80038EA9C;
			remoteInfo = Vim;
		};
/* End PBXContainerItemProxy section */

/* Begin PBXFileReference section */
		2410051551220DE28AD6C15D /* Pods-VimUITests.release.xcconfig */ = {isa = PBXFileReference; includeInIndex = 1; lastKnownFileType = text.xcconfig; name = "Pods-VimUITests.release.xcconfig"; path = "Pods/Target Support Files/Pods-VimUITests/Pods-VimUITests.release.xcconfig"; sourceTree = "<group>"; };
		8A03E09F220F56F80038EA9C /* Vim.app */ = {isa = PBXFileReference; explicitFileType = wrapper.application; includeInIndex = 0; path = Vim.app; sourceTree = BUILT_PRODUCTS_DIR; };
		8A03E0A2220F56F80038EA9C /* AppDelegate.swift */ = {isa = PBXFileReference; lastKnownFileType = sourcecode.swift; path = AppDelegate.swift; sourceTree = "<group>"; };
		8A03E0A7220F56F80038EA9C /* Base */ = {isa = PBXFileReference; lastKnownFileType = file.storyboard; name = Base; path = Base.lproj/Main.storyboard; sourceTree = "<group>"; };
		8A03E0A9220F56FA0038EA9C /* Assets.xcassets */ = {isa = PBXFileReference; lastKnownFileType = folder.assetcatalog; path = Assets.xcassets; sourceTree = "<group>"; };
		8A03E0AC220F56FA0038EA9C /* Base */ = {isa = PBXFileReference; lastKnownFileType = file.storyboard; name = Base; path = Base.lproj/LaunchScreen.storyboard; sourceTree = "<group>"; };
		8A03E0AE220F56FA0038EA9C /* Info.plist */ = {isa = PBXFileReference; lastKnownFileType = text.plist.xml; path = Info.plist; sourceTree = "<group>"; };
		8A03E0B3220F56FA0038EA9C /* VimTests.xctest */ = {isa = PBXFileReference; explicitFileType = wrapper.cfbundle; includeInIndex = 0; path = VimTests.xctest; sourceTree = BUILT_PRODUCTS_DIR; };
		8A03E0B7220F56FA0038EA9C /* VimTests.swift */ = {isa = PBXFileReference; lastKnownFileType = sourcecode.swift; path = VimTests.swift; sourceTree = "<group>"; };
		8A03E0B9220F56FA0038EA9C /* Info.plist */ = {isa = PBXFileReference; lastKnownFileType = text.plist.xml; path = Info.plist; sourceTree = "<group>"; };
		8A03E0BE220F56FA0038EA9C /* VimUITests.xctest */ = {isa = PBXFileReference; explicitFileType = wrapper.cfbundle; includeInIndex = 0; path = VimUITests.xctest; sourceTree = BUILT_PRODUCTS_DIR; };
		8A03E0C2220F56FA0038EA9C /* VimUITests.swift */ = {isa = PBXFileReference; lastKnownFileType = sourcecode.swift; path = VimUITests.swift; sourceTree = "<group>"; };
		8A03E0C4220F56FA0038EA9C /* Info.plist */ = {isa = PBXFileReference; lastKnownFileType = text.plist.xml; path = Info.plist; sourceTree = "<group>"; };
		8A07475B22108CBE00C6828A /* GoogleService-Info.plist */ = {isa = PBXFileReference; fileEncoding = 4; lastKnownFileType = text.plist.xml; path = "GoogleService-Info.plist"; sourceTree = "<group>"; };
		8A07475E221093D100C6828A /* FirestoreDb.swift */ = {isa = PBXFileReference; lastKnownFileType = sourcecode.swift; path = FirestoreDb.swift; sourceTree = "<group>"; };
		8A074760221095AB00C6828A /* User.swift */ = {isa = PBXFileReference; lastKnownFileType = sourcecode.swift; path = User.swift; sourceTree = "<group>"; };
		8A0747622210986400C6828A /* LoginViewController.swift */ = {isa = PBXFileReference; lastKnownFileType = sourcecode.swift; path = LoginViewController.swift; sourceTree = "<group>"; };
		8A0747642210DDF600C6828A /* MainTabBarController.swift */ = {isa = PBXFileReference; lastKnownFileType = sourcecode.swift; path = MainTabBarController.swift; sourceTree = "<group>"; };
		8AF575722216F49300F3D4AD /* NotificationNames.swift */ = {isa = PBXFileReference; lastKnownFileType = sourcecode.swift; path = NotificationNames.swift; sourceTree = "<group>"; };
		8AF575742216FB6300F3D4AD /* AddNewPostViewController.swift */ = {isa = PBXFileReference; lastKnownFileType = sourcecode.swift; path = AddNewPostViewController.swift; sourceTree = "<group>"; };
		8AF823D42211A15500BC2C95 /* HomeViewController.swift */ = {isa = PBXFileReference; lastKnownFileType = sourcecode.swift; path = HomeViewController.swift; sourceTree = "<group>"; };
		8AF823D62211CCFA00BC2C95 /* HomeTableViewCell.swift */ = {isa = PBXFileReference; lastKnownFileType = sourcecode.swift; path = HomeTableViewCell.swift; sourceTree = "<group>"; };
		8AF823D82211DB7E00BC2C95 /* RegisterViewController.swift */ = {isa = PBXFileReference; lastKnownFileType = sourcecode.swift; path = RegisterViewController.swift; sourceTree = "<group>"; };
		8AF823DA2211E02C00BC2C95 /* Post.swift */ = {isa = PBXFileReference; lastKnownFileType = sourcecode.swift; path = Post.swift; sourceTree = "<group>"; };
		8AF962B222258EA400ACF1C1 /* FriendsListTableViewCell.swift */ = {isa = PBXFileReference; lastKnownFileType = sourcecode.swift; path = FriendsListTableViewCell.swift; sourceTree = "<group>"; };
		8AF962B42225BE1D00ACF1C1 /* Protocols.swift */ = {isa = PBXFileReference; lastKnownFileType = sourcecode.swift; path = Protocols.swift; sourceTree = "<group>"; };
		8AF9875F221B0BDC00EE956E /* Loader.swift */ = {isa = PBXFileReference; lastKnownFileType = sourcecode.swift; path = Loader.swift; sourceTree = "<group>"; };
		8AFBD2F122244061009C47A0 /* FriendsListTableViewController.swift */ = {isa = PBXFileReference; lastKnownFileType = sourcecode.swift; path = FriendsListTableViewController.swift; sourceTree = "<group>"; };
		8AFBD576222C2242002722A2 /* EditProfileViewController.swift */ = {isa = PBXFileReference; lastKnownFileType = sourcecode.swift; path = EditProfileViewController.swift; sourceTree = "<group>"; };
		8AFC05A722122B3A004F5CEC /* Extensions.swift */ = {isa = PBXFileReference; lastKnownFileType = sourcecode.swift; path = Extensions.swift; sourceTree = "<group>"; };
		8AFE5C362227461C00C3F48F /* ProfileViewController.swift */ = {isa = PBXFileReference; lastKnownFileType = sourcecode.swift; path = ProfileViewController.swift; sourceTree = "<group>"; };
		8F81FC9FA32F3E76CD66B1C2 /* Pods-VimTests.debug.xcconfig */ = {isa = PBXFileReference; includeInIndex = 1; lastKnownFileType = text.xcconfig; name = "Pods-VimTests.debug.xcconfig"; path = "Pods/Target Support Files/Pods-VimTests/Pods-VimTests.debug.xcconfig"; sourceTree = "<group>"; };
		B6E5A1C2CF76701D250D5096 /* Pods-Vim.release.xcconfig */ = {isa = PBXFileReference; includeInIndex = 1; lastKnownFileType = text.xcconfig; name = "Pods-Vim.release.xcconfig"; path = "Pods/Target Support Files/Pods-Vim/Pods-Vim.release.xcconfig"; sourceTree = "<group>"; };
		BFAB66A4FE6180E0DDC3813A /* Pods_VimTests.framework */ = {isa = PBXFileReference; explicitFileType = wrapper.framework; includeInIndex = 0; path = Pods_VimTests.framework; sourceTree = BUILT_PRODUCTS_DIR; };
		D6DF256CCF3FFC76506666F7 /* Pods_Vim.framework */ = {isa = PBXFileReference; explicitFileType = wrapper.framework; includeInIndex = 0; path = Pods_Vim.framework; sourceTree = BUILT_PRODUCTS_DIR; };
		DC03CF341C7F52A7608E1188 /* Pods-VimTests.release.xcconfig */ = {isa = PBXFileReference; includeInIndex = 1; lastKnownFileType = text.xcconfig; name = "Pods-VimTests.release.xcconfig"; path = "Pods/Target Support Files/Pods-VimTests/Pods-VimTests.release.xcconfig"; sourceTree = "<group>"; };
		E5B80736DBD1E554BC7F15A0 /* Pods-Vim.debug.xcconfig */ = {isa = PBXFileReference; includeInIndex = 1; lastKnownFileType = text.xcconfig; name = "Pods-Vim.debug.xcconfig"; path = "Pods/Target Support Files/Pods-Vim/Pods-Vim.debug.xcconfig"; sourceTree = "<group>"; };
		E8E3BE1E2FB026D781721729 /* Pods_VimUITests.framework */ = {isa = PBXFileReference; explicitFileType = wrapper.framework; includeInIndex = 0; path = Pods_VimUITests.framework; sourceTree = BUILT_PRODUCTS_DIR; };
		F96D654056E0547823B4A74C /* Pods-VimUITests.debug.xcconfig */ = {isa = PBXFileReference; includeInIndex = 1; lastKnownFileType = text.xcconfig; name = "Pods-VimUITests.debug.xcconfig"; path = "Pods/Target Support Files/Pods-VimUITests/Pods-VimUITests.debug.xcconfig"; sourceTree = "<group>"; };
/* End PBXFileReference section */

/* Begin PBXFrameworksBuildPhase section */
		8A03E09C220F56F80038EA9C /* Frameworks */ = {
			isa = PBXFrameworksBuildPhase;
			buildActionMask = 2147483647;
			files = (
				1F493D8EE827C664AAD8A8CA /* Pods_Vim.framework in Frameworks */,
			);
			runOnlyForDeploymentPostprocessing = 0;
		};
		8A03E0B0220F56FA0038EA9C /* Frameworks */ = {
			isa = PBXFrameworksBuildPhase;
			buildActionMask = 2147483647;
			files = (
				3D331BDE643490355AB05E7D /* Pods_VimTests.framework in Frameworks */,
			);
			runOnlyForDeploymentPostprocessing = 0;
		};
		8A03E0BB220F56FA0038EA9C /* Frameworks */ = {
			isa = PBXFrameworksBuildPhase;
			buildActionMask = 2147483647;
			files = (
				C6025D9B4D45BD4166B4518A /* Pods_VimUITests.framework in Frameworks */,
			);
			runOnlyForDeploymentPostprocessing = 0;
		};
/* End PBXFrameworksBuildPhase section */

/* Begin PBXGroup section */
		30F2A455198CB340FF472DA4 /* Frameworks */ = {
			isa = PBXGroup;
			children = (
				D6DF256CCF3FFC76506666F7 /* Pods_Vim.framework */,
				BFAB66A4FE6180E0DDC3813A /* Pods_VimTests.framework */,
				E8E3BE1E2FB026D781721729 /* Pods_VimUITests.framework */,
			);
			name = Frameworks;
			sourceTree = "<group>";
		};
		7B92B0024B6CF47651D4DA48 /* Pods */ = {
			isa = PBXGroup;
			children = (
				E5B80736DBD1E554BC7F15A0 /* Pods-Vim.debug.xcconfig */,
				B6E5A1C2CF76701D250D5096 /* Pods-Vim.release.xcconfig */,
				8F81FC9FA32F3E76CD66B1C2 /* Pods-VimTests.debug.xcconfig */,
				DC03CF341C7F52A7608E1188 /* Pods-VimTests.release.xcconfig */,
				F96D654056E0547823B4A74C /* Pods-VimUITests.debug.xcconfig */,
				2410051551220DE28AD6C15D /* Pods-VimUITests.release.xcconfig */,
			);
			name = Pods;
			sourceTree = "<group>";
		};
		8A03E096220F56F80038EA9C = {
			isa = PBXGroup;
			children = (
				8A03E0A1220F56F80038EA9C /* Vim */,
				8A03E0B6220F56FA0038EA9C /* VimTests */,
				8A03E0C1220F56FA0038EA9C /* VimUITests */,
				8A03E0A0220F56F80038EA9C /* Products */,
				7B92B0024B6CF47651D4DA48 /* Pods */,
				30F2A455198CB340FF472DA4 /* Frameworks */,
			);
			sourceTree = "<group>";
		};
		8A03E0A0220F56F80038EA9C /* Products */ = {
			isa = PBXGroup;
			children = (
				8A03E09F220F56F80038EA9C /* Vim.app */,
				8A03E0B3220F56FA0038EA9C /* VimTests.xctest */,
				8A03E0BE220F56FA0038EA9C /* VimUITests.xctest */,
			);
			name = Products;
			sourceTree = "<group>";
		};
		8A03E0A1220F56F80038EA9C /* Vim */ = {
			isa = PBXGroup;
			children = (
				8A07475D2210939900C6828A /* Model */,
				8A03E0A2220F56F80038EA9C /* AppDelegate.swift */,
				8AFC05A722122B3A004F5CEC /* Extensions.swift */,
				8AF962B42225BE1D00ACF1C1 /* Protocols.swift */,
				8AF9875F221B0BDC00EE956E /* Loader.swift */,
				8AF575722216F49300F3D4AD /* NotificationNames.swift */,
				8A0747622210986400C6828A /* LoginViewController.swift */,
				8AF823D82211DB7E00BC2C95 /* RegisterViewController.swift */,
				8AF823D42211A15500BC2C95 /* HomeViewController.swift */,
				8AF823D62211CCFA00BC2C95 /* HomeTableViewCell.swift */,
				8AF575742216FB6300F3D4AD /* AddNewPostViewController.swift */,
				8A0747642210DDF600C6828A /* MainTabBarController.swift */,
				8AFE5C362227461C00C3F48F /* ProfileViewController.swift */,
				8AFBD576222C2242002722A2 /* EditProfileViewController.swift */,
				8AF962B222258EA400ACF1C1 /* FriendsListTableViewCell.swift */,
				8AFBD2F122244061009C47A0 /* FriendsListTableViewController.swift */,
				8A03E0A9220F56FA0038EA9C /* Assets.xcassets */,
				8A03E0A6220F56F80038EA9C /* Main.storyboard */,
				8A03E0AB220F56FA0038EA9C /* LaunchScreen.storyboard */,
				8A03E0AE220F56FA0038EA9C /* Info.plist */,
				8A07475B22108CBE00C6828A /* GoogleService-Info.plist */,
			);
			path = Vim;
			sourceTree = "<group>";
		};
		8A03E0B6220F56FA0038EA9C /* VimTests */ = {
			isa = PBXGroup;
			children = (
				8A03E0B7220F56FA0038EA9C /* VimTests.swift */,
				8A03E0B9220F56FA0038EA9C /* Info.plist */,
			);
			path = VimTests;
			sourceTree = "<group>";
		};
		8A03E0C1220F56FA0038EA9C /* VimUITests */ = {
			isa = PBXGroup;
			children = (
				8A03E0C2220F56FA0038EA9C /* VimUITests.swift */,
				8A03E0C4220F56FA0038EA9C /* Info.plist */,
			);
			path = VimUITests;
			sourceTree = "<group>";
		};
		8A07475D2210939900C6828A /* Model */ = {
			isa = PBXGroup;
			children = (
				8A07475E221093D100C6828A /* FirestoreDb.swift */,
				8AF823DA2211E02C00BC2C95 /* Post.swift */,
				8A074760221095AB00C6828A /* User.swift */,
			);
			path = Model;
			sourceTree = "<group>";
		};
/* End PBXGroup section */

/* Begin PBXNativeTarget section */
		8A03E09E220F56F80038EA9C /* Vim */ = {
			isa = PBXNativeTarget;
			buildConfigurationList = 8A03E0C7220F56FA0038EA9C /* Build configuration list for PBXNativeTarget "Vim" */;
			buildPhases = (
				310EE33CE89465326C6D49DF /* [CP] Check Pods Manifest.lock */,
				8A03E09B220F56F80038EA9C /* Sources */,
				8A03E09C220F56F80038EA9C /* Frameworks */,
				8A03E09D220F56F80038EA9C /* Resources */,
				8E4DF01134C344C395B9DD05 /* [CP] Embed Pods Frameworks */,
			);
			buildRules = (
			);
			dependencies = (
			);
			name = Vim;
			productName = Vim;
			productReference = 8A03E09F220F56F80038EA9C /* Vim.app */;
			productType = "com.apple.product-type.application";
		};
		8A03E0B2220F56FA0038EA9C /* VimTests */ = {
			isa = PBXNativeTarget;
			buildConfigurationList = 8A03E0CA220F56FA0038EA9C /* Build configuration list for PBXNativeTarget "VimTests" */;
			buildPhases = (
				DE05F76768B00824CBAFB646 /* [CP] Check Pods Manifest.lock */,
				8A03E0AF220F56FA0038EA9C /* Sources */,
				8A03E0B0220F56FA0038EA9C /* Frameworks */,
				8A03E0B1220F56FA0038EA9C /* Resources */,
			);
			buildRules = (
			);
			dependencies = (
				8A03E0B5220F56FA0038EA9C /* PBXTargetDependency */,
			);
			name = VimTests;
			productName = VimTests;
			productReference = 8A03E0B3220F56FA0038EA9C /* VimTests.xctest */;
			productType = "com.apple.product-type.bundle.unit-test";
		};
		8A03E0BD220F56FA0038EA9C /* VimUITests */ = {
			isa = PBXNativeTarget;
			buildConfigurationList = 8A03E0CD220F56FA0038EA9C /* Build configuration list for PBXNativeTarget "VimUITests" */;
			buildPhases = (
				0ABD48FFE9AE37791265CF4B /* [CP] Check Pods Manifest.lock */,
				8A03E0BA220F56FA0038EA9C /* Sources */,
				8A03E0BB220F56FA0038EA9C /* Frameworks */,
				8A03E0BC220F56FA0038EA9C /* Resources */,
			);
			buildRules = (
			);
			dependencies = (
				8A03E0C0220F56FA0038EA9C /* PBXTargetDependency */,
			);
			name = VimUITests;
			productName = VimUITests;
			productReference = 8A03E0BE220F56FA0038EA9C /* VimUITests.xctest */;
			productType = "com.apple.product-type.bundle.ui-testing";
		};
/* End PBXNativeTarget section */

/* Begin PBXProject section */
		8A03E097220F56F80038EA9C /* Project object */ = {
			isa = PBXProject;
			attributes = {
				LastSwiftUpdateCheck = 1010;
				LastUpgradeCheck = 1010;
				ORGANIZATIONNAME = "Jakub Iwaszek";
				TargetAttributes = {
					8A03E09E220F56F80038EA9C = {
						CreatedOnToolsVersion = 10.1;
					};
					8A03E0B2220F56FA0038EA9C = {
						CreatedOnToolsVersion = 10.1;
						TestTargetID = 8A03E09E220F56F80038EA9C;
					};
					8A03E0BD220F56FA0038EA9C = {
						CreatedOnToolsVersion = 10.1;
						TestTargetID = 8A03E09E220F56F80038EA9C;
					};
				};
			};
			buildConfigurationList = 8A03E09A220F56F80038EA9C /* Build configuration list for PBXProject "Vim" */;
			compatibilityVersion = "Xcode 9.3";
			developmentRegion = en;
			hasScannedForEncodings = 0;
			knownRegions = (
				en,
				Base,
			);
			mainGroup = 8A03E096220F56F80038EA9C;
			productRefGroup = 8A03E0A0220F56F80038EA9C /* Products */;
			projectDirPath = "";
			projectRoot = "";
			targets = (
				8A03E09E220F56F80038EA9C /* Vim */,
				8A03E0B2220F56FA0038EA9C /* VimTests */,
				8A03E0BD220F56FA0038EA9C /* VimUITests */,
			);
		};
/* End PBXProject section */

/* Begin PBXResourcesBuildPhase section */
		8A03E09D220F56F80038EA9C /* Resources */ = {
			isa = PBXResourcesBuildPhase;
			buildActionMask = 2147483647;
			files = (
				8A03E0AD220F56FA0038EA9C /* LaunchScreen.storyboard in Resources */,
				8A07475C22108CBE00C6828A /* GoogleService-Info.plist in Resources */,
				8A03E0AA220F56FA0038EA9C /* Assets.xcassets in Resources */,
				8A03E0A8220F56F80038EA9C /* Main.storyboard in Resources */,
			);
			runOnlyForDeploymentPostprocessing = 0;
		};
		8A03E0B1220F56FA0038EA9C /* Resources */ = {
			isa = PBXResourcesBuildPhase;
			buildActionMask = 2147483647;
			files = (
			);
			runOnlyForDeploymentPostprocessing = 0;
		};
		8A03E0BC220F56FA0038EA9C /* Resources */ = {
			isa = PBXResourcesBuildPhase;
			buildActionMask = 2147483647;
			files = (
			);
			runOnlyForDeploymentPostprocessing = 0;
		};
/* End PBXResourcesBuildPhase section */

/* Begin PBXShellScriptBuildPhase section */
		0ABD48FFE9AE37791265CF4B /* [CP] Check Pods Manifest.lock */ = {
			isa = PBXShellScriptBuildPhase;
			buildActionMask = 2147483647;
			files = (
			);
			inputFileListPaths = (
			);
			inputPaths = (
				"${PODS_PODFILE_DIR_PATH}/Podfile.lock",
				"${PODS_ROOT}/Manifest.lock",
			);
			name = "[CP] Check Pods Manifest.lock";
			outputFileListPaths = (
			);
			outputPaths = (
				"$(DERIVED_FILE_DIR)/Pods-VimUITests-checkManifestLockResult.txt",
			);
			runOnlyForDeploymentPostprocessing = 0;
			shellPath = /bin/sh;
			shellScript = "diff \"${PODS_PODFILE_DIR_PATH}/Podfile.lock\" \"${PODS_ROOT}/Manifest.lock\" > /dev/null\nif [ $? != 0 ] ; then\n    # print error to STDERR\n    echo \"error: The sandbox is not in sync with the Podfile.lock. Run 'pod install' or update your CocoaPods installation.\" >&2\n    exit 1\nfi\n# This output is used by Xcode 'outputs' to avoid re-running this script phase.\necho \"SUCCESS\" > \"${SCRIPT_OUTPUT_FILE_0}\"\n";
			showEnvVarsInLog = 0;
		};
		310EE33CE89465326C6D49DF /* [CP] Check Pods Manifest.lock */ = {
			isa = PBXShellScriptBuildPhase;
			buildActionMask = 2147483647;
			files = (
			);
			inputFileListPaths = (
			);
			inputPaths = (
				"${PODS_PODFILE_DIR_PATH}/Podfile.lock",
				"${PODS_ROOT}/Manifest.lock",
			);
			name = "[CP] Check Pods Manifest.lock";
			outputFileListPaths = (
			);
			outputPaths = (
				"$(DERIVED_FILE_DIR)/Pods-Vim-checkManifestLockResult.txt",
			);
			runOnlyForDeploymentPostprocessing = 0;
			shellPath = /bin/sh;
			shellScript = "diff \"${PODS_PODFILE_DIR_PATH}/Podfile.lock\" \"${PODS_ROOT}/Manifest.lock\" > /dev/null\nif [ $? != 0 ] ; then\n    # print error to STDERR\n    echo \"error: The sandbox is not in sync with the Podfile.lock. Run 'pod install' or update your CocoaPods installation.\" >&2\n    exit 1\nfi\n# This output is used by Xcode 'outputs' to avoid re-running this script phase.\necho \"SUCCESS\" > \"${SCRIPT_OUTPUT_FILE_0}\"\n";
			showEnvVarsInLog = 0;
		};
		8E4DF01134C344C395B9DD05 /* [CP] Embed Pods Frameworks */ = {
			isa = PBXShellScriptBuildPhase;
			buildActionMask = 2147483647;
			files = (
			);
			inputFileListPaths = (
			);
			inputPaths = (
				"${SRCROOT}/Pods/Target Support Files/Pods-Vim/Pods-Vim-frameworks.sh",
				"${BUILT_PRODUCTS_DIR}/BoringSSL-GRPC/openssl_grpc.framework",
				"${BUILT_PRODUCTS_DIR}/GTMSessionFetcher/GTMSessionFetcher.framework",
				"${BUILT_PRODUCTS_DIR}/GoogleUtilities/GoogleUtilities.framework",
				"${BUILT_PRODUCTS_DIR}/NVActivityIndicatorView/NVActivityIndicatorView.framework",
				"${BUILT_PRODUCTS_DIR}/Protobuf/Protobuf.framework",
				"${BUILT_PRODUCTS_DIR}/TPKeyboardAvoidingSwift/TPKeyboardAvoidingSwift.framework",
				"${BUILT_PRODUCTS_DIR}/gRPC-C++/grpcpp.framework",
				"${BUILT_PRODUCTS_DIR}/gRPC-Core/grpc.framework",
				"${BUILT_PRODUCTS_DIR}/leveldb-library/leveldb.framework",
				"${BUILT_PRODUCTS_DIR}/nanopb/nanopb.framework",
			);
			name = "[CP] Embed Pods Frameworks";
			outputFileListPaths = (
			);
			outputPaths = (
				"${TARGET_BUILD_DIR}/${FRAMEWORKS_FOLDER_PATH}/openssl_grpc.framework",
				"${TARGET_BUILD_DIR}/${FRAMEWORKS_FOLDER_PATH}/GTMSessionFetcher.framework",
				"${TARGET_BUILD_DIR}/${FRAMEWORKS_FOLDER_PATH}/GoogleUtilities.framework",
				"${TARGET_BUILD_DIR}/${FRAMEWORKS_FOLDER_PATH}/NVActivityIndicatorView.framework",
				"${TARGET_BUILD_DIR}/${FRAMEWORKS_FOLDER_PATH}/Protobuf.framework",
				"${TARGET_BUILD_DIR}/${FRAMEWORKS_FOLDER_PATH}/TPKeyboardAvoidingSwift.framework",
				"${TARGET_BUILD_DIR}/${FRAMEWORKS_FOLDER_PATH}/grpcpp.framework",
				"${TARGET_BUILD_DIR}/${FRAMEWORKS_FOLDER_PATH}/grpc.framework",
				"${TARGET_BUILD_DIR}/${FRAMEWORKS_FOLDER_PATH}/leveldb.framework",
				"${TARGET_BUILD_DIR}/${FRAMEWORKS_FOLDER_PATH}/nanopb.framework",
			);
			runOnlyForDeploymentPostprocessing = 0;
			shellPath = /bin/sh;
			shellScript = "\"${SRCROOT}/Pods/Target Support Files/Pods-Vim/Pods-Vim-frameworks.sh\"\n";
			showEnvVarsInLog = 0;
		};
		DE05F76768B00824CBAFB646 /* [CP] Check Pods Manifest.lock */ = {
			isa = PBXShellScriptBuildPhase;
			buildActionMask = 2147483647;
			files = (
			);
			inputFileListPaths = (
			);
			inputPaths = (
				"${PODS_PODFILE_DIR_PATH}/Podfile.lock",
				"${PODS_ROOT}/Manifest.lock",
			);
			name = "[CP] Check Pods Manifest.lock";
			outputFileListPaths = (
			);
			outputPaths = (
				"$(DERIVED_FILE_DIR)/Pods-VimTests-checkManifestLockResult.txt",
			);
			runOnlyForDeploymentPostprocessing = 0;
			shellPath = /bin/sh;
			shellScript = "diff \"${PODS_PODFILE_DIR_PATH}/Podfile.lock\" \"${PODS_ROOT}/Manifest.lock\" > /dev/null\nif [ $? != 0 ] ; then\n    # print error to STDERR\n    echo \"error: The sandbox is not in sync with the Podfile.lock. Run 'pod install' or update your CocoaPods installation.\" >&2\n    exit 1\nfi\n# This output is used by Xcode 'outputs' to avoid re-running this script phase.\necho \"SUCCESS\" > \"${SCRIPT_OUTPUT_FILE_0}\"\n";
			showEnvVarsInLog = 0;
		};
/* End PBXShellScriptBuildPhase section */

/* Begin PBXSourcesBuildPhase section */
		8A03E09B220F56F80038EA9C /* Sources */ = {
			isa = PBXSourcesBuildPhase;
			buildActionMask = 2147483647;
			files = (
				8A0747632210986400C6828A /* LoginViewController.swift in Sources */,
				8A03E0A3220F56F80038EA9C /* AppDelegate.swift in Sources */,
				8AF823D72211CCFA00BC2C95 /* HomeTableViewCell.swift in Sources */,
				8AF823D92211DB7E00BC2C95 /* RegisterViewController.swift in Sources */,
				8A0747652210DDF600C6828A /* MainTabBarController.swift in Sources */,
				8AF575752216FB6300F3D4AD /* AddNewPostViewController.swift in Sources */,
				8AF962B322258EA400ACF1C1 /* FriendsListTableViewCell.swift in Sources */,
				8AFE5C372227461C00C3F48F /* ProfileViewController.swift in Sources */,
				8AFBD577222C2242002722A2 /* EditProfileViewController.swift in Sources */,
				8AFC05A822122B3A004F5CEC /* Extensions.swift in Sources */,
				8A07475F221093D100C6828A /* FirestoreDb.swift in Sources */,
				8AF575732216F49300F3D4AD /* NotificationNames.swift in Sources */,
				8AF98760221B0BDC00EE956E /* Loader.swift in Sources */,
				8AF823DB2211E02C00BC2C95 /* Post.swift in Sources */,
				8A074761221095AB00C6828A /* User.swift in Sources */,
				8AF823D52211A15500BC2C95 /* HomeViewController.swift in Sources */,
				8AFBD2F222244061009C47A0 /* FriendsListTableViewController.swift in Sources */,
				8AF962B52225BE1D00ACF1C1 /* Protocols.swift in Sources */,
			);
			runOnlyForDeploymentPostprocessing = 0;
		};
		8A03E0AF220F56FA0038EA9C /* Sources */ = {
			isa = PBXSourcesBuildPhase;
			buildActionMask = 2147483647;
			files = (
				8A03E0B8220F56FA0038EA9C /* VimTests.swift in Sources */,
			);
			runOnlyForDeploymentPostprocessing = 0;
		};
		8A03E0BA220F56FA0038EA9C /* Sources */ = {
			isa = PBXSourcesBuildPhase;
			buildActionMask = 2147483647;
			files = (
				8A03E0C3220F56FA0038EA9C /* VimUITests.swift in Sources */,
			);
			runOnlyForDeploymentPostprocessing = 0;
		};
/* End PBXSourcesBuildPhase section */

/* Begin PBXTargetDependency section */
		8A03E0B5220F56FA0038EA9C /* PBXTargetDependency */ = {
			isa = PBXTargetDependency;
			target = 8A03E09E220F56F80038EA9C /* Vim */;
			targetProxy = 8A03E0B4220F56FA0038EA9C /* PBXContainerItemProxy */;
		};
		8A03E0C0220F56FA0038EA9C /* PBXTargetDependency */ = {
			isa = PBXTargetDependency;
			target = 8A03E09E220F56F80038EA9C /* Vim */;
			targetProxy = 8A03E0BF220F56FA0038EA9C /* PBXContainerItemProxy */;
		};
/* End PBXTargetDependency section */

/* Begin PBXVariantGroup section */
		8A03E0A6220F56F80038EA9C /* Main.storyboard */ = {
			isa = PBXVariantGroup;
			children = (
				8A03E0A7220F56F80038EA9C /* Base */,
			);
			name = Main.storyboard;
			sourceTree = "<group>";
		};
		8A03E0AB220F56FA0038EA9C /* LaunchScreen.storyboard */ = {
			isa = PBXVariantGroup;
			children = (
				8A03E0AC220F56FA0038EA9C /* Base */,
			);
			name = LaunchScreen.storyboard;
			sourceTree = "<group>";
		};
/* End PBXVariantGroup section */

/* Begin XCBuildConfiguration section */
		8A03E0C5220F56FA0038EA9C /* Debug */ = {
			isa = XCBuildConfiguration;
			buildSettings = {
				ALWAYS_SEARCH_USER_PATHS = NO;
				CLANG_ANALYZER_NONNULL = YES;
				CLANG_ANALYZER_NUMBER_OBJECT_CONVERSION = YES_AGGRESSIVE;
				CLANG_CXX_LANGUAGE_STANDARD = "gnu++14";
				CLANG_CXX_LIBRARY = "libc++";
				CLANG_ENABLE_MODULES = YES;
				CLANG_ENABLE_OBJC_ARC = YES;
				CLANG_ENABLE_OBJC_WEAK = YES;
				CLANG_WARN_BLOCK_CAPTURE_AUTORELEASING = YES;
				CLANG_WARN_BOOL_CONVERSION = YES;
				CLANG_WARN_COMMA = YES;
				CLANG_WARN_CONSTANT_CONVERSION = YES;
				CLANG_WARN_DEPRECATED_OBJC_IMPLEMENTATIONS = YES;
				CLANG_WARN_DIRECT_OBJC_ISA_USAGE = YES_ERROR;
				CLANG_WARN_DOCUMENTATION_COMMENTS = YES;
				CLANG_WARN_EMPTY_BODY = YES;
				CLANG_WARN_ENUM_CONVERSION = YES;
				CLANG_WARN_INFINITE_RECURSION = YES;
				CLANG_WARN_INT_CONVERSION = YES;
				CLANG_WARN_NON_LITERAL_NULL_CONVERSION = YES;
				CLANG_WARN_OBJC_IMPLICIT_RETAIN_SELF = YES;
				CLANG_WARN_OBJC_LITERAL_CONVERSION = YES;
				CLANG_WARN_OBJC_ROOT_CLASS = YES_ERROR;
				CLANG_WARN_RANGE_LOOP_ANALYSIS = YES;
				CLANG_WARN_STRICT_PROTOTYPES = YES;
				CLANG_WARN_SUSPICIOUS_MOVE = YES;
				CLANG_WARN_UNGUARDED_AVAILABILITY = YES_AGGRESSIVE;
				CLANG_WARN_UNREACHABLE_CODE = YES;
				CLANG_WARN__DUPLICATE_METHOD_MATCH = YES;
				CODE_SIGN_IDENTITY = "iPhone Developer";
				COPY_PHASE_STRIP = NO;
				DEBUG_INFORMATION_FORMAT = dwarf;
				ENABLE_STRICT_OBJC_MSGSEND = YES;
				ENABLE_TESTABILITY = YES;
				GCC_C_LANGUAGE_STANDARD = gnu11;
				GCC_DYNAMIC_NO_PIC = NO;
				GCC_NO_COMMON_BLOCKS = YES;
				GCC_OPTIMIZATION_LEVEL = 0;
				GCC_PREPROCESSOR_DEFINITIONS = (
					"DEBUG=1",
					"$(inherited)",
				);
				GCC_WARN_64_TO_32_BIT_CONVERSION = YES;
				GCC_WARN_ABOUT_RETURN_TYPE = YES_ERROR;
				GCC_WARN_UNDECLARED_SELECTOR = YES;
				GCC_WARN_UNINITIALIZED_AUTOS = YES_AGGRESSIVE;
				GCC_WARN_UNUSED_FUNCTION = YES;
				GCC_WARN_UNUSED_VARIABLE = YES;
				IPHONEOS_DEPLOYMENT_TARGET = 12.1;
				MTL_ENABLE_DEBUG_INFO = INCLUDE_SOURCE;
				MTL_FAST_MATH = YES;
				ONLY_ACTIVE_ARCH = YES;
				SDKROOT = iphoneos;
				SWIFT_ACTIVE_COMPILATION_CONDITIONS = DEBUG;
				SWIFT_OPTIMIZATION_LEVEL = "-Onone";
			};
			name = Debug;
		};
		8A03E0C6220F56FA0038EA9C /* Release */ = {
			isa = XCBuildConfiguration;
			buildSettings = {
				ALWAYS_SEARCH_USER_PATHS = NO;
				CLANG_ANALYZER_NONNULL = YES;
				CLANG_ANALYZER_NUMBER_OBJECT_CONVERSION = YES_AGGRESSIVE;
				CLANG_CXX_LANGUAGE_STANDARD = "gnu++14";
				CLANG_CXX_LIBRARY = "libc++";
				CLANG_ENABLE_MODULES = YES;
				CLANG_ENABLE_OBJC_ARC = YES;
				CLANG_ENABLE_OBJC_WEAK = YES;
				CLANG_WARN_BLOCK_CAPTURE_AUTORELEASING = YES;
				CLANG_WARN_BOOL_CONVERSION = YES;
				CLANG_WARN_COMMA = YES;
				CLANG_WARN_CONSTANT_CONVERSION = YES;
				CLANG_WARN_DEPRECATED_OBJC_IMPLEMENTATIONS = YES;
				CLANG_WARN_DIRECT_OBJC_ISA_USAGE = YES_ERROR;
				CLANG_WARN_DOCUMENTATION_COMMENTS = YES;
				CLANG_WARN_EMPTY_BODY = YES;
				CLANG_WARN_ENUM_CONVERSION = YES;
				CLANG_WARN_INFINITE_RECURSION = YES;
				CLANG_WARN_INT_CONVERSION = YES;
				CLANG_WARN_NON_LITERAL_NULL_CONVERSION = YES;
				CLANG_WARN_OBJC_IMPLICIT_RETAIN_SELF = YES;
				CLANG_WARN_OBJC_LITERAL_CONVERSION = YES;
				CLANG_WARN_OBJC_ROOT_CLASS = YES_ERROR;
				CLANG_WARN_RANGE_LOOP_ANALYSIS = YES;
				CLANG_WARN_STRICT_PROTOTYPES = YES;
				CLANG_WARN_SUSPICIOUS_MOVE = YES;
				CLANG_WARN_UNGUARDED_AVAILABILITY = YES_AGGRESSIVE;
				CLANG_WARN_UNREACHABLE_CODE = YES;
				CLANG_WARN__DUPLICATE_METHOD_MATCH = YES;
				CODE_SIGN_IDENTITY = "iPhone Developer";
				COPY_PHASE_STRIP = NO;
				DEBUG_INFORMATION_FORMAT = "dwarf-with-dsym";
				ENABLE_NS_ASSERTIONS = NO;
				ENABLE_STRICT_OBJC_MSGSEND = YES;
				GCC_C_LANGUAGE_STANDARD = gnu11;
				GCC_NO_COMMON_BLOCKS = YES;
				GCC_WARN_64_TO_32_BIT_CONVERSION = YES;
				GCC_WARN_ABOUT_RETURN_TYPE = YES_ERROR;
				GCC_WARN_UNDECLARED_SELECTOR = YES;
				GCC_WARN_UNINITIALIZED_AUTOS = YES_AGGRESSIVE;
				GCC_WARN_UNUSED_FUNCTION = YES;
				GCC_WARN_UNUSED_VARIABLE = YES;
				IPHONEOS_DEPLOYMENT_TARGET = 12.1;
				MTL_ENABLE_DEBUG_INFO = NO;
				MTL_FAST_MATH = YES;
				SDKROOT = iphoneos;
				SWIFT_COMPILATION_MODE = wholemodule;
				SWIFT_OPTIMIZATION_LEVEL = "-O";
				VALIDATE_PRODUCT = YES;
			};
			name = Release;
		};
		8A03E0C8220F56FA0038EA9C /* Debug */ = {
			isa = XCBuildConfiguration;
			baseConfigurationReference = E5B80736DBD1E554BC7F15A0 /* Pods-Vim.debug.xcconfig */;
			buildSettings = {
				ASSETCATALOG_COMPILER_APPICON_NAME = AppIcon;
				CODE_SIGN_STYLE = Automatic;
				DEVELOPMENT_TEAM = FN745B5UPH;
				INFOPLIST_FILE = Vim/Info.plist;
				LD_RUNPATH_SEARCH_PATHS = (
					"$(inherited)",
					"@executable_path/Frameworks",
				);
				PRODUCT_BUNDLE_IDENTIFIER = jiwaszek.Vim;
				PRODUCT_NAME = "$(TARGET_NAME)";
				SWIFT_VERSION = 4.2;
				TARGETED_DEVICE_FAMILY = "1,2";
			};
			name = Debug;
		};
		8A03E0C9220F56FA0038EA9C /* Release */ = {
			isa = XCBuildConfiguration;
			baseConfigurationReference = B6E5A1C2CF76701D250D5096 /* Pods-Vim.release.xcconfig */;
			buildSettings = {
				ASSETCATALOG_COMPILER_APPICON_NAME = AppIcon;
				CODE_SIGN_STYLE = Automatic;
				DEVELOPMENT_TEAM = FN745B5UPH;
				INFOPLIST_FILE = Vim/Info.plist;
				LD_RUNPATH_SEARCH_PATHS = (
					"$(inherited)",
					"@executable_path/Frameworks",
				);
				PRODUCT_BUNDLE_IDENTIFIER = jiwaszek.Vim;
				PRODUCT_NAME = "$(TARGET_NAME)";
				SWIFT_VERSION = 4.2;
				TARGETED_DEVICE_FAMILY = "1,2";
			};
			name = Release;
		};
		8A03E0CB220F56FA0038EA9C /* Debug */ = {
			isa = XCBuildConfiguration;
			baseConfigurationReference = 8F81FC9FA32F3E76CD66B1C2 /* Pods-VimTests.debug.xcconfig */;
			buildSettings = {
				ALWAYS_EMBED_SWIFT_STANDARD_LIBRARIES = YES;
				BUNDLE_LOADER = "$(TEST_HOST)";
				CODE_SIGN_STYLE = Automatic;
				DEVELOPMENT_TEAM = FN745B5UPH;
				INFOPLIST_FILE = VimTests/Info.plist;
				LD_RUNPATH_SEARCH_PATHS = (
					"$(inherited)",
					"@executable_path/Frameworks",
					"@loader_path/Frameworks",
				);
				PRODUCT_BUNDLE_IDENTIFIER = jiwaszek.VimTests;
				PRODUCT_NAME = "$(TARGET_NAME)";
				SWIFT_VERSION = 4.2;
				TARGETED_DEVICE_FAMILY = "1,2";
				TEST_HOST = "$(BUILT_PRODUCTS_DIR)/Vim.app/Vim";
			};
			name = Debug;
		};
		8A03E0CC220F56FA0038EA9C /* Release */ = {
			isa = XCBuildConfiguration;
			baseConfigurationReference = DC03CF341C7F52A7608E1188 /* Pods-VimTests.release.xcconfig */;
			buildSettings = {
				ALWAYS_EMBED_SWIFT_STANDARD_LIBRARIES = YES;
				BUNDLE_LOADER = "$(TEST_HOST)";
				CODE_SIGN_STYLE = Automatic;
				DEVELOPMENT_TEAM = FN745B5UPH;
				INFOPLIST_FILE = VimTests/Info.plist;
				LD_RUNPATH_SEARCH_PATHS = (
					"$(inherited)",
					"@executable_path/Frameworks",
					"@loader_path/Frameworks",
				);
				PRODUCT_BUNDLE_IDENTIFIER = jiwaszek.VimTests;
				PRODUCT_NAME = "$(TARGET_NAME)";
				SWIFT_VERSION = 4.2;
				TARGETED_DEVICE_FAMILY = "1,2";
				TEST_HOST = "$(BUILT_PRODUCTS_DIR)/Vim.app/Vim";
			};
			name = Release;
		};
		8A03E0CE220F56FA0038EA9C /* Debug */ = {
			isa = XCBuildConfiguration;
			baseConfigurationReference = F96D654056E0547823B4A74C /* Pods-VimUITests.debug.xcconfig */;
			buildSettings = {
				ALWAYS_EMBED_SWIFT_STANDARD_LIBRARIES = YES;
				CODE_SIGN_STYLE = Automatic;
				DEVELOPMENT_TEAM = FN745B5UPH;
				INFOPLIST_FILE = VimUITests/Info.plist;
				LD_RUNPATH_SEARCH_PATHS = (
					"$(inherited)",
					"@executable_path/Frameworks",
					"@loader_path/Frameworks",
				);
				PRODUCT_BUNDLE_IDENTIFIER = jiwaszek.VimUITests;
				PRODUCT_NAME = "$(TARGET_NAME)";
				SWIFT_VERSION = 4.2;
				TARGETED_DEVICE_FAMILY = "1,2";
				TEST_TARGET_NAME = Vim;
			};
			name = Debug;
		};
		8A03E0CF220F56FA0038EA9C /* Release */ = {
			isa = XCBuildConfiguration;
			baseConfigurationReference = 2410051551220DE28AD6C15D /* Pods-VimUITests.release.xcconfig */;
			buildSettings = {
				ALWAYS_EMBED_SWIFT_STANDARD_LIBRARIES = YES;
				CODE_SIGN_STYLE = Automatic;
				DEVELOPMENT_TEAM = FN745B5UPH;
				INFOPLIST_FILE = VimUITests/Info.plist;
				LD_RUNPATH_SEARCH_PATHS = (
					"$(inherited)",
					"@executable_path/Frameworks",
					"@loader_path/Frameworks",
				);
				PRODUCT_BUNDLE_IDENTIFIER = jiwaszek.VimUITests;
				PRODUCT_NAME = "$(TARGET_NAME)";
				SWIFT_VERSION = 4.2;
				TARGETED_DEVICE_FAMILY = "1,2";
				TEST_TARGET_NAME = Vim;
			};
			name = Release;
		};
/* End XCBuildConfiguration section */

/* Begin XCConfigurationList section */
		8A03E09A220F56F80038EA9C /* Build configuration list for PBXProject "Vim" */ = {
			isa = XCConfigurationList;
			buildConfigurations = (
				8A03E0C5220F56FA0038EA9C /* Debug */,
				8A03E0C6220F56FA0038EA9C /* Release */,
			);
			defaultConfigurationIsVisible = 0;
			defaultConfigurationName = Release;
		};
		8A03E0C7220F56FA0038EA9C /* Build configuration list for PBXNativeTarget "Vim" */ = {
			isa = XCConfigurationList;
			buildConfigurations = (
				8A03E0C8220F56FA0038EA9C /* Debug */,
				8A03E0C9220F56FA0038EA9C /* Release */,
			);
			defaultConfigurationIsVisible = 0;
			defaultConfigurationName = Release;
		};
		8A03E0CA220F56FA0038EA9C /* Build configuration list for PBXNativeTarget "VimTests" */ = {
			isa = XCConfigurationList;
			buildConfigurations = (
				8A03E0CB220F56FA0038EA9C /* Debug */,
				8A03E0CC220F56FA0038EA9C /* Release */,
			);
			defaultConfigurationIsVisible = 0;
			defaultConfigurationName = Release;
		};
		8A03E0CD220F56FA0038EA9C /* Build configuration list for PBXNativeTarget "VimUITests" */ = {
			isa = XCConfigurationList;
			buildConfigurations = (
				8A03E0CE220F56FA0038EA9C /* Debug */,
				8A03E0CF220F56FA0038EA9C /* Release */,
			);
			defaultConfigurationIsVisible = 0;
			defaultConfigurationName = Release;
		};
/* End XCConfigurationList section */
	};
	rootObject = 8A03E097220F56F80038EA9C /* Project object */;
}
